
Microsoft Visual Studio Solution File, Format Version 12.00
# Visual Studio 14
VisualStudioVersion = 14.0.25123.0
MinimumVisualStudioVersion = 10.0.40219.1
Project("{2150E333-8FDC-42A3-9474-1A3956D46DE8}") = "Presentation", "Presentation", "{2CD9E73D-A565-4B41-AE52-1C252963A4BC}"
EndProject
Project("{8BB2217D-0F2D-49D1-97BC-3654ED321F3B}") = "NetCore.SmallestCircle.Data", "NetCore\NetCore.SmallestCircle.Data\NetCore.SmallestCircle.Data.xproj", "{3528CFB5-9485-4697-8E13-AE862FB0CDB3}"
EndProject
Project("{2150E333-8FDC-42A3-9474-1A3956D46DE8}") = "Solution Items", "Solution Items", "{115EDF98-B2EE-4BFE-A1E5-47073236A94A}"
	ProjectSection(SolutionItems) = preProject
		global.json = global.json
	EndProjectSection
EndProject
Project("{8BB2217D-0F2D-49D1-97BC-3654ED321F3B}") = "NetCore.SmallestCircle.Calculation", "NetCore\NetCore.SmallestCircle.Calculation\NetCore.SmallestCircle.Calculation.xproj", "{7ED0502D-9A9D-4F94-A33E-E0017B84AE24}"
EndProject
Project("{8BB2217D-0F2D-49D1-97BC-3654ED321F3B}") = "NetCore.SmallestCircle.Console", "NetCore\NetCore.SmallestCircle.Console\NetCore.SmallestCircle.Console.xproj", "{BD1FFF1A-45EE-448C-BEC5-84D8096EDA52}"
EndProject
Global
	GlobalSection(SolutionConfigurationPlatforms) = preSolution
		Debug|Any CPU = Debug|Any CPU
		Release|Any CPU = Release|Any CPU
	EndGlobalSection
	GlobalSection(ProjectConfigurationPlatforms) = postSolution
		{3528CFB5-9485-4697-8E13-AE862FB0CDB3}.Debug|Any CPU.ActiveCfg = Debug|Any CPU
		{3528CFB5-9485-4697-8E13-AE862FB0CDB3}.Debug|Any CPU.Build.0 = Debug|Any CPU
		{3528CFB5-9485-4697-8E13-AE862FB0CDB3}.Release|Any CPU.ActiveCfg = Release|Any CPU
		{3528CFB5-9485-4697-8E13-AE862FB0CDB3}.Release|Any CPU.Build.0 = Release|Any CPU
		{7ED0502D-9A9D-4F94-A33E-E0017B84AE24}.Debug|Any CPU.ActiveCfg = Debug|Any CPU
		{7ED0502D-9A9D-4F94-A33E-E0017B84AE24}.Debug|Any CPU.Build.0 = Debug|Any CPU
		{7ED0502D-9A9D-4F94-A33E-E0017B84AE24}.Release|Any CPU.ActiveCfg = Release|Any CPU
		{7ED0502D-9A9D-4F94-A33E-E0017B84AE24}.Release|Any CPU.Build.0 = Release|Any CPU
		{BD1FFF1A-45EE-448C-BEC5-84D8096EDA52}.Debug|Any CPU.ActiveCfg = Debug|Any CPU
		{BD1FFF1A-45EE-448C-BEC5-84D8096EDA52}.Debug|Any CPU.Build.0 = Debug|Any CPU
		{BD1FFF1A-45EE-448C-BEC5-84D8096EDA52}.Release|Any CPU.ActiveCfg = Release|Any CPU
		{BD1FFF1A-45EE-448C-BEC5-84D8096EDA52}.Release|Any CPU.Build.0 = Release|Any CPU
	EndGlobalSection
	GlobalSection(SolutionProperties) = preSolution
		HideSolutionNode = FALSE
	EndGlobalSection
	GlobalSection(NestedProjects) = preSolution
		{BD1FFF1A-45EE-448C-BEC5-84D8096EDA52} = {2CD9E73D-A565-4B41-AE52-1C252963A4BC}
	EndGlobalSection
EndGlobal
