
Microsoft Visual Studio Solution File, Format Version 12.00
# Visual Studio 14
VisualStudioVersion = 14.0.25123.0
MinimumVisualStudioVersion = 10.0.40219.1
Project("{FAE04EC0-301F-11D3-BF4B-00C04F79EFBC}") = "SmallestCircle.Data", "Input\SmallestCircle.Data.csproj", "{37D31611-BB02-4FFF-89BD-91FDD0B9249B}"
EndProject
Project("{2150E333-8FDC-42A3-9474-1A3956D46DE8}") = "Tests", "Tests", "{CF525D1D-D8FB-449C-A2FA-ED11C89E7139}"
EndProject
Project("{FAE04EC0-301F-11D3-BF4B-00C04F79EFBC}") = "SmallestCircle.Data.Tests", "SmallestCircle.Data.Tests\SmallestCircle.Data.Tests.csproj", "{A22D2060-876D-4818-8CCF-5028E9E310ED}"
EndProject
Project("{FAE04EC0-301F-11D3-BF4B-00C04F79EFBC}") = "SmallestCircle.Calculation", "SmallestCircle.Calculation\SmallestCircle.Calculation.csproj", "{C7399D25-6C35-45B8-B8AD-38FCD586C883}"
EndProject
Project("{FAE04EC0-301F-11D3-BF4B-00C04F79EFBC}") = "SmallestCircle.Calculation.Tests", "SmallestCircle.Calculation.Tests\SmallestCircle.Calculation.Tests.csproj", "{091206FC-A66A-4968-808C-D2F2060B3D33}"
EndProject
Project("{FAE04EC0-301F-11D3-BF4B-00C04F79EFBC}") = "SmallestCircle.Calculation.IntegrationTests", "SmallestCircle.Calculation.IntegrationTests\SmallestCircle.Calculation.IntegrationTests.csproj", "{FD009839-BC78-4ACB-A08C-93E0BFA13529}"
EndProject
Project("{FAE04EC0-301F-11D3-BF4B-00C04F79EFBC}") = "SmallestCircle.Presentation", "SmallestCircle.Presentation\SmallestCircle.Presentation.csproj", "{1621A3D3-7400-4EFB-8D8C-8CA297461CEA}"
EndProject
Project("{FAE04EC0-301F-11D3-BF4B-00C04F79EFBC}") = "SmallestCircle.Console", "SmallestCircle.Console\SmallestCircle.Console.csproj", "{2015C2A4-3BC0-49FA-9EDB-8AB56F2FFE1B}"
EndProject
Global
	GlobalSection(SolutionConfigurationPlatforms) = preSolution
		Debug|Any CPU = Debug|Any CPU
		Release|Any CPU = Release|Any CPU
	EndGlobalSection
	GlobalSection(ProjectConfigurationPlatforms) = postSolution
		{37D31611-BB02-4FFF-89BD-91FDD0B9249B}.Debug|Any CPU.ActiveCfg = Debug|Any CPU
		{37D31611-BB02-4FFF-89BD-91FDD0B9249B}.Debug|Any CPU.Build.0 = Debug|Any CPU
		{37D31611-BB02-4FFF-89BD-91FDD0B9249B}.Release|Any CPU.ActiveCfg = Release|Any CPU
		{37D31611-BB02-4FFF-89BD-91FDD0B9249B}.Release|Any CPU.Build.0 = Release|Any CPU
		{A22D2060-876D-4818-8CCF-5028E9E310ED}.Debug|Any CPU.ActiveCfg = Debug|Any CPU
		{A22D2060-876D-4818-8CCF-5028E9E310ED}.Debug|Any CPU.Build.0 = Debug|Any CPU
		{A22D2060-876D-4818-8CCF-5028E9E310ED}.Release|Any CPU.ActiveCfg = Release|Any CPU
		{A22D2060-876D-4818-8CCF-5028E9E310ED}.Release|Any CPU.Build.0 = Release|Any CPU
		{C7399D25-6C35-45B8-B8AD-38FCD586C883}.Debug|Any CPU.ActiveCfg = Debug|Any CPU
		{C7399D25-6C35-45B8-B8AD-38FCD586C883}.Debug|Any CPU.Build.0 = Debug|Any CPU
		{C7399D25-6C35-45B8-B8AD-38FCD586C883}.Release|Any CPU.ActiveCfg = Release|Any CPU
		{C7399D25-6C35-45B8-B8AD-38FCD586C883}.Release|Any CPU.Build.0 = Release|Any CPU
		{091206FC-A66A-4968-808C-D2F2060B3D33}.Debug|Any CPU.ActiveCfg = Debug|Any CPU
		{091206FC-A66A-4968-808C-D2F2060B3D33}.Debug|Any CPU.Build.0 = Debug|Any CPU
		{091206FC-A66A-4968-808C-D2F2060B3D33}.Release|Any CPU.ActiveCfg = Release|Any CPU
		{091206FC-A66A-4968-808C-D2F2060B3D33}.Release|Any CPU.Build.0 = Release|Any CPU
		{FD009839-BC78-4ACB-A08C-93E0BFA13529}.Debug|Any CPU.ActiveCfg = Debug|Any CPU
		{FD009839-BC78-4ACB-A08C-93E0BFA13529}.Debug|Any CPU.Build.0 = Debug|Any CPU
		{FD009839-BC78-4ACB-A08C-93E0BFA13529}.Release|Any CPU.ActiveCfg = Release|Any CPU
		{FD009839-BC78-4ACB-A08C-93E0BFA13529}.Release|Any CPU.Build.0 = Release|Any CPU
		{1621A3D3-7400-4EFB-8D8C-8CA297461CEA}.Debug|Any CPU.ActiveCfg = Debug|Any CPU
		{1621A3D3-7400-4EFB-8D8C-8CA297461CEA}.Debug|Any CPU.Build.0 = Debug|Any CPU
		{1621A3D3-7400-4EFB-8D8C-8CA297461CEA}.Release|Any CPU.ActiveCfg = Release|Any CPU
		{1621A3D3-7400-4EFB-8D8C-8CA297461CEA}.Release|Any CPU.Build.0 = Release|Any CPU
		{2015C2A4-3BC0-49FA-9EDB-8AB56F2FFE1B}.Debug|Any CPU.ActiveCfg = Debug|Any CPU
		{2015C2A4-3BC0-49FA-9EDB-8AB56F2FFE1B}.Debug|Any CPU.Build.0 = Debug|Any CPU
		{2015C2A4-3BC0-49FA-9EDB-8AB56F2FFE1B}.Release|Any CPU.ActiveCfg = Release|Any CPU
		{2015C2A4-3BC0-49FA-9EDB-8AB56F2FFE1B}.Release|Any CPU.Build.0 = Release|Any CPU
	EndGlobalSection
	GlobalSection(SolutionProperties) = preSolution
		HideSolutionNode = FALSE
	EndGlobalSection
	GlobalSection(NestedProjects) = preSolution
		{A22D2060-876D-4818-8CCF-5028E9E310ED} = {CF525D1D-D8FB-449C-A2FA-ED11C89E7139}
		{091206FC-A66A-4968-808C-D2F2060B3D33} = {CF525D1D-D8FB-449C-A2FA-ED11C89E7139}
		{FD009839-BC78-4ACB-A08C-93E0BFA13529} = {CF525D1D-D8FB-449C-A2FA-ED11C89E7139}
	EndGlobalSection
EndGlobal
